
Microsoft Visual Studio Solution File, Format Version 12.00
# Visual Studio Version 16
VisualStudioVersion = 16.0.29215.179
MinimumVisualStudioVersion = 10.0.40219.1
Project("{FAE04EC0-301F-11D3-BF4B-00C04F79EFBC}") = "RaceCalc", "RaceCalc.csproj", "{3564F11F-8427-4DB2-A9AD-52FF4C7DC62E}"
EndProject
Global
	GlobalSection(SolutionConfigurationPlatforms) = preSolution
		Debug|Any CPU = Debug|Any CPU
		Release|Any CPU = Release|Any CPU
	EndGlobalSection
	GlobalSection(ProjectConfigurationPlatforms) = postSolution
		{3564F11F-8427-4DB2-A9AD-52FF4C7DC62E}.Debug|Any CPU.ActiveCfg = Debug|Any CPU
		{3564F11F-8427-4DB2-A9AD-52FF4C7DC62E}.Debug|Any CPU.Build.0 = Debug|Any CPU
		{3564F11F-8427-4DB2-A9AD-52FF4C7DC62E}.Release|Any CPU.ActiveCfg = Release|Any CPU
		{3564F11F-8427-4DB2-A9AD-52FF4C7DC62E}.Release|Any CPU.Build.0 = Release|Any CPU
	EndGlobalSection
	GlobalSection(SolutionProperties) = preSolution
		HideSolutionNode = FALSE
	EndGlobalSection
	GlobalSection(ExtensibilityGlobals) = postSolution
		SolutionGuid = {B109A91C-62C6-4986-A4FF-3678ABF135B4}
	EndGlobalSection
EndGlobal
